# THIS IS AN AUTOGENERATED FILE. DO NOT EDIT THIS FILE DIRECTLY.
# yarn lockfile v1


"@iccswap/core@1.0.0":
  version "1.0.0"
  resolved "https://registry.yarnpkg.com/@iccswap/core/-/core-1.0.0.tgz#d5a57bd226200484cca56e012953901fd9a4d68c"
  integrity sha512-DhVpPaplP/jziHhy7Yee8xYiIjnM/VrCkU6fT1L7kjhgUW8zvC3fsKqbW/nR9FBRZ5DzCGbzG+VFoUn9egwTrA==

"@iccswap/lib@1.0.0":
  version "1.0.0"
  resolved "https://registry.yarnpkg.com/@iccswap/lib/-/lib-1.0.0.tgz#9737a64c7181df08b0aa2900b2d4fc5167c7eb72"
  integrity sha512-bsBke9okbaNx3DV6W1E5352w4SPNZp4rEuz6OKOLkPl1HJDZuqd2ZpHuQuHLlXwvX3jm2wHvkT7CpfBCkPXYqA==
